{
  "name": "change-fleet",
  "version": "0.1.0",
  "lockfileVersion": 3,
  "requires": true,
  "packages": {
    "": {
      "name": "change-fleet",
      "version": "0.1.0",
      "dependencies": {
        "@openai/codex-sdk": "0.146.0",
        "cross-spawn": "7.0.6"
      },
      "bin": {
        "changefleet": "bin/changefleet.js"
      },
      "engines": {
        "node": ">=24 <25"
      }
    },
    "node_modules/@openai/codex": {
      "version": "0.146.0",
      "resolved": "https://registry.npmjs.org/@openai/codex/-/codex-0.146.0.tgz",
      "integrity": "sha512-yG3sPWNda/2YAIQIDq9MrrjoCTIQ7rxYM5IasrG3VBcuhCLTkgeg/JzqmJq1V98RE4MJ5jCxDXXQlOjrditFRw==",
      "license": "Apache-2.0",
      "bin": {
        "codex": "bin/codex.js"
      },
      "engines": {
        "node": ">=16"
      },
      "optionalDependencies": {
        "@openai/codex-darwin-arm64": "npm:@openai/codex@0.146.0-darwin-arm64",
        "@openai/codex-darwin-x64": "npm:@openai/codex@0.146.0-darwin-x64",
        "@openai/codex-linux-arm64": "npm:@openai/codex@0.146.0-linux-arm64",
        "@openai/codex-linux-x64": "npm:@openai/codex@0.146.0-linux-x64",
        "@openai/codex-win32-arm64": "npm:@openai/codex@0.146.0-win32-arm64",
        "@openai/codex-win32-x64": "npm:@openai/codex@0.146.0-win32-x64"
      }
    },
    "node_modules/@openai/codex-darwin-arm64": {
      "name": "@openai/codex",
      "version": "0.146.0-darwin-arm64",
      "resolved": "https://registry.npmjs.org/@openai/codex/-/codex-0.146.0-darwin-arm64.tgz",
      "integrity": "sha512-nb61yX4r5L6Z0dlC4o3u0GAK1YCd4TUvjaB382bajDoh84V+uv2hTBIVZ++fgXWV9yoeuNrNnNcn7GoTGOe2Tg==",
      "cpu": [
        "arm64"
      ],
      "license": "Apache-2.0",
      "optional": true,
      "os": [
        "darwin"
      ],
      "engines": {
        "node": ">=16"
      }
    },
    "node_modules/@openai/codex-darwin-x64": {
      "name": "@openai/codex",
      "version": "0.146.0-darwin-x64",
      "resolved": "https://registry.npmjs.org/@openai/codex/-/codex-0.146.0-darwin-x64.tgz",
      "integrity": "sha512-hTQR5jy/ObfTf1MDnuJCZJAe+SljKE8DDwQWN6lDFgjsPhMQz852U2tILt8Ei+G5GkQSzemHYKl2AYPwW0Y5xw==",
      "cpu": [
        "x64"
      ],
      "license": "Apache-2.0",
      "optional": true,
      "os": [
        "darwin"
      ],
      "engines": {
        "node": ">=16"
      }
    },
    "node_modules/@openai/codex-linux-arm64": {
      "name": "@openai/codex",
      "version": "0.146.0-linux-arm64",
      "resolved": "https://registry.npmjs.org/@openai/codex/-/codex-0.146.0-linux-arm64.tgz",
      "integrity": "sha512-qiYDxkkEFnXG7joadJW6Q+XcgyDXCpGdpa9nk/c+i0gEomur1j7bHvx12NfWWCF/y8Tqri6ay+FLuC2MjdehtA==",
      "cpu": [
        "arm64"
      ],
      "license": "Apache-2.0",
      "optional": true,
      "os": [
        "linux"
      ],
      "engines": {
        "node": ">=16"
      }
    },
    "node_modules/@openai/codex-linux-x64": {
      "name": "@openai/codex",
      "version": "0.146.0-linux-x64",
      "resolved": "https://registry.npmjs.org/@openai/codex/-/codex-0.146.0-linux-x64.tgz",
      "integrity": "sha512-fswvyGprAPCMiOEue/7MKMk7pCjh9kZIJfJX5i9atmfnmGYbYCcUhZsEH9LEP0+0t5xyPqDbfNXY7NSxIVuXxA==",
      "cpu": [
        "x64"
      ],
      "license": "Apache-2.0",
      "optional": true,
      "os": [
        "linux"
      ],
      "engines": {
        "node": ">=16"
      }
    },
    "node_modules/@openai/codex-sdk": {
      "version": "0.146.0",
      "resolved": "https://registry.npmjs.org/@openai/codex-sdk/-/codex-sdk-0.146.0.tgz",
      "integrity": "sha512-lhlcfmufd4EvjquERH3HNG0/fuxPQJBjFsAjtP2LJjAsuyMZk245ci8xfvT4QoZ7Vnbe15y7rj/NtMNcUJIJOg==",
      "license": "Apache-2.0",
      "dependencies": {
        "@openai/codex": "0.146.0"
      },
      "engines": {
        "node": ">=18"
      }
    },
    "node_modules/@openai/codex-win32-arm64": {
      "name": "@openai/codex",
      "version": "0.146.0-win32-arm64",
      "resolved": "https://registry.npmjs.org/@openai/codex/-/codex-0.146.0-win32-arm64.tgz",
      "integrity": "sha512-EW6zdjDe+SLX2Iw+xymJ5+Pz2+DGexdstfFHXh4Ub+TfJsQPiMjGfZfNaoWgdJ2FsqSIzVKu2+G0KCMGYz2W8g==",
      "cpu": [
        "arm64"
      ],
      "license": "Apache-2.0",
      "optional": true,
      "os": [
        "win32"
      ],
      "engines": {
        "node": ">=16"
      }
    },
    "node_modules/@openai/codex-win32-x64": {
      "name": "@openai/codex",
      "version": "0.146.0-win32-x64",
      "resolved": "https://registry.npmjs.org/@openai/codex/-/codex-0.146.0-win32-x64.tgz",
      "integrity": "sha512-b3lxMYeR0+IhstNo4JjX1P9cPc1xwVcCVkPd1lD1wpWPJ0SBhpIkPczwbu3ZRkJcdyl342+rgyf4DUrbZLdrGA==",
      "cpu": [
        "x64"
      ],
      "license": "Apache-2.0",
      "optional": true,
      "os": [
        "win32"
      ],
      "engines": {
        "node": ">=16"
      }
    },
    "node_modules/cross-spawn": {
      "version": "7.0.6",
      "resolved": "https://registry.npmjs.org/cross-spawn/-/cross-spawn-7.0.6.tgz",
      "integrity": "sha512-uV2QOWP2nWzsy2aMp8aRibhi9dlzF5Hgh5SHaB9OiTGEyDTiJJyx0uy51QXdyWbtAHNua4XJzUKca3OzKUd3vA==",
      "license": "MIT",
      "dependencies": {
        "path-key": "^3.1.0",
        "shebang-command": "^2.0.0",
        "which": "^2.0.1"
      },
      "engines": {
        "node": ">= 8"
      }
    },
    "node_modules/isexe": {
      "version": "2.0.0",
      "resolved": "https://registry.npmjs.org/isexe/-/isexe-2.0.0.tgz",
      "integrity": "sha512-RHxMLp9lnKHGHRng9QFhRCMbYAcVpn69smSGcq3f36xjgVVWThj4qqLbTLlq7Ssj8B+fIQ1EuCEGI2lKsyQeIw==",
      "license": "ISC"
    },
    "node_modules/path-key": {
      "version": "3.1.1",
      "resolved": "https://registry.npmjs.org/path-key/-/path-key-3.1.1.tgz",
      "integrity": "sha512-ojmeN0qd+y0jszEtoY48r0Peq5dwMEkIlCOu6Q5f41lfkswXuKtYrhgoTpLnyIcHm24Uhqx+5Tqm2InSwLhE6Q==",
      "license": "MIT",
      "engines": {
        "node": ">=8"
      }
    },
    "node_modules/shebang-command": {
      "version": "2.0.0",
      "resolved": "https://registry.npmjs.org/shebang-command/-/shebang-command-2.0.0.tgz",
      "integrity": "sha512-kHxr2zZpYtdmrN1qDjrrX/Z1rR1kG8Dx+gkpK1G4eXmvXswmcE1hTWBWYUzlraYw1/yZp6YuDY77YtvbN0dmDA==",
      "license": "MIT",
      "dependencies": {
        "shebang-regex": "^3.0.0"
      },
      "engines": {
        "node": ">=8"
      }
    },
    "node_modules/shebang-regex": {
      "version": "3.0.0",
      "resolved": "https://registry.npmjs.org/shebang-regex/-/shebang-regex-3.0.0.tgz",
      "integrity": "sha512-7++dFhtcx3353uBaq8DDR4NuxBetBzC7ZQOhmTQInHEd6bSrXdiEyzCvG07Z44UYdLShWUyXt5M/yhz8ekcb1A==",
      "license": "MIT",
      "engines": {
        "node": ">=8"
      }
    },
    "node_modules/which": {
      "version": "2.0.2",
      "resolved": "https://registry.npmjs.org/which/-/which-2.0.2.tgz",
      "integrity": "sha512-BLI3Tl1TW3Pvl70l3yq3Y64i+awpwXqsGBYWkkqMtnbXgrMD+yj7rhW0kuEDxzJaYXGjEW5ogapKNMEKNMjibA==",
      "license": "ISC",
      "dependencies": {
        "isexe": "^2.0.0"
      },
      "bin": {
        "node-which": "bin/node-which"
      },
      "engines": {
        "node": ">= 8"
      }
    }
  }
}
